
Microsoft Visual Studio Solution File, Format Version 12.00
# Visual Studio 2015
Project("{FAE04EC0-301F-11D3-BF4B-00C04F79EFBC}") = "BounceFPS.Plugins", "BounceFPS.Plugins.csproj", "{FAFF1366-CABC-9B48-63B7-0259320F58B4}"
EndProject
Project("{FAE04EC0-301F-11D3-BF4B-00C04F79EFBC}") = "BounceFPS", "BounceFPS.csproj", "{05D2F44A-C372-2BC0-03DC-D3F6D404783E}"
EndProject
Project("{FAE04EC0-301F-11D3-BF4B-00C04F79EFBC}") = "BounceFPS.Editor.Plugins", "BounceFPS.Editor.Plugins.csproj", "{B2F6FCA6-F114-AEE5-6900-5EEFBE5F1C77}"
EndProject
Global
	GlobalSection(SolutionConfigurationPlatforms) = preSolution
		Debug|Any CPU = Debug|Any CPU
		Release|Any CPU = Release|Any CPU
	EndGlobalSection
	GlobalSection(ProjectConfigurationPlatforms) = postSolution
		{FAFF1366-CABC-9B48-63B7-0259320F58B4}.Debug|Any CPU.ActiveCfg = Debug|Any CPU
		{FAFF1366-CABC-9B48-63B7-0259320F58B4}.Debug|Any CPU.Build.0 = Debug|Any CPU
		{FAFF1366-CABC-9B48-63B7-0259320F58B4}.Release|Any CPU.ActiveCfg = Release|Any CPU
		{FAFF1366-CABC-9B48-63B7-0259320F58B4}.Release|Any CPU.Build.0 = Release|Any CPU
		{05D2F44A-C372-2BC0-03DC-D3F6D404783E}.Debug|Any CPU.ActiveCfg = Debug|Any CPU
		{05D2F44A-C372-2BC0-03DC-D3F6D404783E}.Debug|Any CPU.Build.0 = Debug|Any CPU
		{05D2F44A-C372-2BC0-03DC-D3F6D404783E}.Release|Any CPU.ActiveCfg = Release|Any CPU
		{05D2F44A-C372-2BC0-03DC-D3F6D404783E}.Release|Any CPU.Build.0 = Release|Any CPU
		{B2F6FCA6-F114-AEE5-6900-5EEFBE5F1C77}.Debug|Any CPU.ActiveCfg = Debug|Any CPU
		{B2F6FCA6-F114-AEE5-6900-5EEFBE5F1C77}.Debug|Any CPU.Build.0 = Debug|Any CPU
		{B2F6FCA6-F114-AEE5-6900-5EEFBE5F1C77}.Release|Any CPU.ActiveCfg = Release|Any CPU
		{B2F6FCA6-F114-AEE5-6900-5EEFBE5F1C77}.Release|Any CPU.Build.0 = Release|Any CPU
	EndGlobalSection
	GlobalSection(SolutionProperties) = preSolution
		HideSolutionNode = FALSE
	EndGlobalSection
EndGlobal
